// !$*UTF8*$!
{
	archiveVersion = 1;
	classes = {
	};
	objectVersion = 46;
	objects = {

/* Begin PBXBuildFile section */
		952C62DE1D85702600B9D7D1 /* AppDelegate.swift in Sources */ = {isa = PBXBuildFile; fileRef = 952C62DD1D85702600B9D7D1 /* AppDelegate.swift */; };
		952C62E01D85702600B9D7D1 /* ViewController.swift in Sources */ = {isa = PBXBuildFile; fileRef = 952C62DF1D85702600B9D7D1 /* ViewController.swift */; };
		952C62E31D85702600B9D7D1 /* Main.storyboard in Resources */ = {isa = PBXBuildFile; fileRef = 952C62E11D85702600B9D7D1 /* Main.storyboard */; };
		952C62E51D85702600B9D7D1 /* Assets.xcassets in Resources */ = {isa = PBXBuildFile; fileRef = 952C62E41D85702600B9D7D1 /* Assets.xcassets */; };
		952C62E81D85702600B9D7D1 /* LaunchScreen.storyboard in Resources */ = {isa = PBXBuildFile; fileRef = 952C62E61D85702600B9D7D1 /* LaunchScreen.storyboard */; };
		952C62F11D85919B00B9D7D1 /* CalculatorBrain.swift in Sources */ = {isa = PBXBuildFile; fileRef = 952C62F01D85919B00B9D7D1 /* CalculatorBrain.swift */; };
/* End PBXBuildFile section */

/* Begin PBXFileReference section */
		952C62DA1D85702600B9D7D1 /* Calculator.app */ = {isa = PBXFileReference; explicitFileType = wrapper.application; includeInIndex = 0; path = Calculator.app; sourceTree = BUILT_PRODUCTS_DIR; };
		952C62DD1D85702600B9D7D1 /* AppDelegate.swift */ = {isa = PBXFileReference; lastKnownFileType = sourcecode.swift; path = AppDelegate.swift; sourceTree = "<group>"; };
		952C62DF1D85702600B9D7D1 /* ViewController.swift */ = {isa = PBXFileReference; lastKnownFileType = sourcecode.swift; path = ViewController.swift; sourceTree = "<group>"; };
		952C62E21D85702600B9D7D1 /* Base */ = {isa = PBXFileReference; lastKnownFileType = file.storyboard; name = Base; path = Base.lproj/Main.storyboard; sourceTree = "<group>"; };
		952C62E41D85702600B9D7D1 /* Assets.xcassets */ = {isa = PBXFileReference; lastKnownFileType = folder.assetcatalog; path = Assets.xcassets; sourceTree = "<group>"; };
		952C62E71D85702600B9D7D1 /* Base */ = {isa = PBXFileReference; lastKnownFileType = file.storyboard; name = Base; path = Base.lproj/LaunchScreen.storyboard; sourceTree = "<group>"; };
		952C62E91D85702600B9D7D1 /* Info.plist */ = {isa = PBXFileReference; lastKnownFileType = text.plist.xml; path = Info.plist; sourceTree = "<group>"; };
		952C62F01D85919B00B9D7D1 /* CalculatorBrain.swift */ = {isa = PBXFileReference; fileEncoding = 4; lastKnownFileType = sourcecode.swift; path = CalculatorBrain.swift; sourceTree = SOURCE_ROOT; };
/* End PBXFileReference section */

/* Begin PBXFrameworksBuildPhase section */
		952C62D71D85702600B9D7D1 /* Frameworks */ = {
			isa = PBXFrameworksBuildPhase;
			buildActionMask = 2147483647;
			files = (
			);
			runOnlyForDeploymentPostprocessing = 0;
		};
/* End PBXFrameworksBuildPhase section */

/* Begin PBXGroup section */
		952C62D11D85702600B9D7D1 = {
			isa = PBXGroup;
			children = (
				952C62DC1D85702600B9D7D1 /* Calculator */,
				952C62DB1D85702600B9D7D1 /* Products */,
			);
			sourceTree = "<group>";
		};
		952C62DB1D85702600B9D7D1 /* Products */ = {
			isa = PBXGroup;
			children = (
				952C62DA1D85702600B9D7D1 /* Calculator.app */,
			);
			name = Products;
			sourceTree = "<group>";
		};
		952C62DC1D85702600B9D7D1 /* Calculator */ = {
			isa = PBXGroup;
			children = (
				952C62F01D85919B00B9D7D1 /* CalculatorBrain.swift */,
				952C62DF1D85702600B9D7D1 /* ViewController.swift */,
				952C62E11D85702600B9D7D1 /* Main.storyboard */,
				952C62EF1D85704F00B9D7D1 /* Supporting Files */,
			);
			path = Calculator;
			sourceTree = "<group>";
		};
		952C62EF1D85704F00B9D7D1 /* Supporting Files */ = {
			isa = PBXGroup;
			children = (
				952C62DD1D85702600B9D7D1 /* AppDelegate.swift */,
				952C62E41D85702600B9D7D1 /* Assets.xcassets */,
				952C62E61D85702600B9D7D1 /* LaunchScreen.storyboard */,
				952C62E91D85702600B9D7D1 /* Info.plist */,
			);
			name = "Supporting Files";
			sourceTree = "<group>";
		};
/* End PBXGroup section */

/* Begin PBXNativeTarget section */
		952C62D91D85702600B9D7D1 /* Calculator */ = {
			isa = PBXNativeTarget;
			buildConfigurationList = 952C62EC1D85702600B9D7D1 /* Build configuration list for PBXNativeTarget "Calculator" */;
			buildPhases = (
				952C62D61D85702600B9D7D1 /* Sources */,
				952C62D71D85702600B9D7D1 /* Frameworks */,
				952C62D81D85702600B9D7D1 /* Resources */,
			);
			buildRules = (
			);
			dependencies = (
			);
			name = Calculator;
			productName = Calculator;
			productReference = 952C62DA1D85702600B9D7D1 /* Calculator.app */;
			productType = "com.apple.product-type.application";
		};
/* End PBXNativeTarget section */

/* Begin PBXProject section */
		952C62D21D85702600B9D7D1 /* Project object */ = {
			isa = PBXProject;
			attributes = {
				LastSwiftUpdateCheck = 0730;
				LastUpgradeCheck = 0730;
				ORGANIZATIONNAME = "Thomas Visentin";
				TargetAttributes = {
					952C62D91D85702600B9D7D1 = {
						CreatedOnToolsVersion = 7.3.1;
					};
				};
			};
			buildConfigurationList = 952C62D51D85702600B9D7D1 /* Build configuration list for PBXProject "Calculator" */;
			compatibilityVersion = "Xcode 3.2";
			developmentRegion = English;
			hasScannedForEncodings = 0;
			knownRegions = (
				en,
				Base,
			);
			mainGroup = 952C62D11D85702600B9D7D1;
			productRefGroup = 952C62DB1D85702600B9D7D1 /* Products */;
			projectDirPath = "";
			projectRoot = "";
			targets = (
				952C62D91D85702600B9D7D1 /* Calculator */,
			);
		};
/* End PBXProject section */

/* Begin PBXResourcesBuildPhase section */
		952C62D81D85702600B9D7D1 /* Resources */ = {
			isa = PBXResourcesBuildPhase;
			buildActionMask = 2147483647;
			files = (
				952C62E81D85702600B9D7D1 /* LaunchScreen.storyboard in Resources */,
				952C62E51D85702600B9D7D1 /* Assets.xcassets in Resources */,
				952C62E31D85702600B9D7D1 /* Main.storyboard in Resources */,
			);
			runOnlyForDeploymentPostprocessing = 0;
		};
/* End PBXResourcesBuildPhase section */

/* Begin PBXSourcesBuildPhase section */
		952C62D61D85702600B9D7D1 /* Sources */ = {
			isa = PBXSourcesBuildPhase;
			buildActionMask = 2147483647;
			files = (
				952C62F11D85919B00B9D7D1 /* CalculatorBrain.swift in Sources */,
				952C62E01D85702600B9D7D1 /* ViewController.swift in Sources */,
				952C62DE1D85702600B9D7D1 /* AppDelegate.swift in Sources */,
			);
			runOnlyForDeploymentPostprocessing = 0;
		};
/* End PBXSourcesBuildPhase section */

/* Begin PBXVariantGroup section */
		952C62E11D85702600B9D7D1 /* Main.storyboard */ = {
			isa = PBXVariantGroup;
			children = (
				952C62E21D85702600B9D7D1 /* Base */,
			);
			name = Main.storyboard;
			sourceTree = "<group>";
		};
		952C62E61D85702600B9D7D1 /* LaunchScreen.storyboard */ = {
			isa = PBXVariantGroup;
			children = (
				952C62E71D85702600B9D7D1 /* Base */,
			);
			name = LaunchScreen.storyboard;
			sourceTree = "<group>";
		};
/* End PBXVariantGroup section */

/* Begin XCBuildConfiguration section */
		952C62EA1D85702600B9D7D1 /* Debug */ = {
			isa = XCBuildConfiguration;
			buildSettings = {
				ALWAYS_SEARCH_USER_PATHS = NO;
				CLANG_ANALYZER_NONNULL = YES;
				CLANG_CXX_LANGUAGE_STANDARD = "gnu++0x";
				CLANG_CXX_LIBRARY = "libc++";
				CLANG_ENABLE_MODULES = YES;
				CLANG_ENABLE_OBJC_ARC = YES;
				CLANG_WARN_BOOL_CONVERSION = YES;
				CLANG_WARN_CONSTANT_CONVERSION = YES;
				CLANG_WARN_DIRECT_OBJC_ISA_USAGE = YES_ERROR;
				CLANG_WARN_EMPTY_BODY = YES;
				CLANG_WARN_ENUM_CONVERSION = YES;
				CLANG_WARN_INT_CONVERSION = YES;
				CLANG_WARN_OBJC_ROOT_CLASS = YES_ERROR;
				CLANG_WARN_UNREACHABLE_CODE = YES;
				CLANG_WARN__DUPLICATE_METHOD_MATCH = YES;
				"CODE_SIGN_IDENTITY[sdk=iphoneos*]" = "iPhone Developer";
				COPY_PHASE_STRIP = NO;
				DEBUG_INFORMATION_FORMAT = dwarf;
				ENABLE_STRICT_OBJC_MSGSEND = YES;
				ENABLE_TESTABILITY = YES;
				GCC_C_LANGUAGE_STANDARD = gnu99;
				GCC_DYNAMIC_NO_PIC = NO;
				GCC_NO_COMMON_BLOCKS = YES;
				GCC_OPTIMIZATION_LEVEL = 0;
				GCC_PREPROCESSOR_DEFINITIONS = (
					"DEBUG=1",
					"$(inherited)",
				);
				GCC_WARN_64_TO_32_BIT_CONVERSION = YES;
				GCC_WARN_ABOUT_RETURN_TYPE = YES_ERROR;
				GCC_WARN_UNDECLARED_SELECTOR = YES;
				GCC_WARN_UNINITIALIZED_AUTOS = YES_AGGRESSIVE;
				GCC_WARN_UNUSED_FUNCTION = YES;
				GCC_WARN_UNUSED_VARIABLE = YES;
				IPHONEOS_DEPLOYMENT_TARGET = 9.3;
				MTL_ENABLE_DEBUG_INFO = YES;
				ONLY_ACTIVE_ARCH = YES;
				SDKROOT = iphoneos;
				SWIFT_OPTIMIZATION_LEVEL = "-Onone";
				TARGETED_DEVICE_FAMILY = "1,2";
			};
			name = Debug;
		};
		952C62EB1D85702600B9D7D1 /* Release */ = {
			isa = XCBuildConfiguration;
			buildSettings = {
				ALWAYS_SEARCH_USER_PATHS = NO;
				CLANG_ANALYZER_NONNULL = YES;
				CLANG_CXX_LANGUAGE_STANDARD = "gnu++0x";
				CLANG_CXX_LIBRARY = "libc++";
				CLANG_ENABLE_MODULES = YES;
				CLANG_ENABLE_OBJC_ARC = YES;
				CLANG_WARN_BOOL_CONVERSION = YES;
				CLANG_WARN_CONSTANT_CONVERSION = YES;
				CLANG_WARN_DIRECT_OBJC_ISA_USAGE = YES_ERROR;
				CLANG_WARN_EMPTY_BODY = YES;
				CLANG_WARN_ENUM_CONVERSION = YES;
				CLANG_WARN_INT_CONVERSION = YES;
				CLANG_WARN_OBJC_ROOT_CLASS = YES_ERROR;
				CLANG_WARN_UNREACHABLE_CODE = YES;
				CLANG_WARN__DUPLICATE_METHOD_MATCH = YES;
				"CODE_SIGN_IDENTITY[sdk=iphoneos*]" = "iPhone Developer";
				COPY_PHASE_STRIP = NO;
				DEBUG_INFORMATION_FORMAT = "dwarf-with-dsym";
				ENABLE_NS_ASSERTIONS = NO;
				ENABLE_STRICT_OBJC_MSGSEND = YES;
				GCC_C_LANGUAGE_STANDARD = gnu99;
				GCC_NO_COMMON_BLOCKS = YES;
				GCC_WARN_64_TO_32_BIT_CONVERSION = YES;
				GCC_WARN_ABOUT_RETURN_TYPE = YES_ERROR;
				GCC_WARN_UNDECLARED_SELECTOR = YES;
				GCC_WARN_UNINITIALIZED_AUTOS = YES_AGGRESSIVE;
				GCC_WARN_UNUSED_FUNCTION = YES;
				GCC_WARN_UNUSED_VARIABLE = YES;
				IPHONEOS_DEPLOYMENT_TARGET = 9.3;
				MTL_ENABLE_DEBUG_INFO = NO;
				SDKROOT = iphoneos;
				TARGETED_DEVICE_FAMILY = "1,2";
				VALIDATE_PRODUCT = YES;
			};
			name = Release;
		};
		952C62ED1D85702600B9D7D1 /* Debug */ = {
			isa = XCBuildConfiguration;
			buildSettings = {
				ASSETCATALOG_COMPILER_APPICON_NAME = AppIcon;
				INFOPLIST_FILE = Calculator/Info.plist;
				LD_RUNPATH_SEARCH_PATHS = "$(inherited) @executable_path/Frameworks";
				PRODUCT_BUNDLE_IDENTIFIER = thomas.visentin.Calculator;
				PRODUCT_NAME = "$(TARGET_NAME)";
			};
			name = Debug;
		};
		952C62EE1D85702600B9D7D1 /* Release */ = {
			isa = XCBuildConfiguration;
			buildSettings = {
				ASSETCATALOG_COMPILER_APPICON_NAME = AppIcon;
				INFOPLIST_FILE = Calculator/Info.plist;
				LD_RUNPATH_SEARCH_PATHS = "$(inherited) @executable_path/Frameworks";
				PRODUCT_BUNDLE_IDENTIFIER = thomas.visentin.Calculator;
				PRODUCT_NAME = "$(TARGET_NAME)";
			};
			name = Release;
		};
/* End XCBuildConfiguration section */

/* Begin XCConfigurationList section */
		952C62D51D85702600B9D7D1 /* Build configuration list for PBXProject "Calculator" */ = {
			isa = XCConfigurationList;
			buildConfigurations = (
				952C62EA1D85702600B9D7D1 /* Debug */,
				952C62EB1D85702600B9D7D1 /* Release */,
			);
			defaultConfigurationIsVisible = 0;
			defaultConfigurationName = Release;
		};
		952C62EC1D85702600B9D7D1 /* Build configuration list for PBXNativeTarget "Calculator" */ = {
			isa = XCConfigurationList;
			buildConfigurations = (
				952C62ED1D85702600B9D7D1 /* Debug */,
				952C62EE1D85702600B9D7D1 /* Release */,
			);
			defaultConfigurationIsVisible = 0;
		};
/* End XCConfigurationList section */
	};
	rootObject = 952C62D21D85702600B9D7D1 /* Project object */;
}
